
Microsoft Visual Studio Solution File, Format Version 12.00
# Visual Studio Version 17
VisualStudioVersion = 17.8.34511.84
MinimumVisualStudioVersion = 10.0.40219.1
Project("{2150E333-8FDC-42A3-9474-1A3956D46DE8}") = "Python", "Python", "{6A3D7BA9-278E-4DE5-BE42-65F3C5FA13CE}"
EndProject
Project("{888888A0-9F3D-457C-B088-3A5042F75D52}") = "SequenciaDeFibonacci", "Python\SequenciaDeFibonacci\SequenciaDeFibonacci.pyproj", "{46CA360C-3A64-4F1E-AC01-224EE03AD134}"
EndProject
Project("{2150E333-8FDC-42A3-9474-1A3956D46DE8}") = "CSharp", "CSharp", "{8FDD8602-EF5A-4BD6-90DF-F115EB6CD4AC}"
EndProject
Project("{9A19103F-16F7-4668-BE54-9A1E7A4F7556}") = "SequenciaDeFibonacci", "CSharp\SequenciaDeFibonacci\SequenciaDeFibonacci.csproj", "{E0CC6B34-BB8A-4184-B991-91AB98BBE3D4}"
EndProject
Project("{888888A0-9F3D-457C-B088-3A5042F75D52}") = "FormulaDeBhaskara", "Python\FormulaDeBhaskara\FormulaDeBhaskara.pyproj", "{23209CE8-CB9B-48D6-B324-F3B22648DE0B}"
EndProject
Project("{9A19103F-16F7-4668-BE54-9A1E7A4F7556}") = "FormulaDeBhaskara", "CSharp\FormulaDeBhaskara\FormulaDeBhaskara.csproj", "{21F8C6D7-E19D-47FD-A985-DDDDE0F099D3}"
EndProject
Project("{778DAE3C-4631-46EA-AA77-85C1314464D9}") = "SequenciaDeFibonacci", "VB\SequenciaDeFibonacci\SequenciaDeFibonacci.vbproj", "{FE136B7A-BF60-44CC-B817-00896FDCC913}"
EndProject
Project("{2150E333-8FDC-42A3-9474-1A3956D46DE8}") = "VB", "VB", "{617B17FF-F10F-49EB-9D6B-D503B3F27661}"
EndProject
Project("{778DAE3C-4631-46EA-AA77-85C1314464D9}") = "FormulaDeBhaskara", "VB\FormulaDeBhaskara\FormulaDeBhaskara.vbproj", "{2941747C-B861-45F6-972C-C7613BF44CB1}"
EndProject
Project("{2150E333-8FDC-42A3-9474-1A3956D46DE8}") = "C++", "C++", "{A1EDA8A6-C948-4268-BC17-99DA71581650}"
EndProject
Project("{8BC9CEB8-8B4A-11D0-8D11-00A0C91BC942}") = "SequenciaDeFibonacci", "C++\SequenciaDeFibonacci\SequenciaDeFibonacci.vcxproj", "{AFFC95E6-D9F3-41FC-97F7-2A3F01AB4A75}"
EndProject
Global
	GlobalSection(SolutionConfigurationPlatforms) = preSolution
		Debug|Any CPU = Debug|Any CPU
		Debug|x64 = Debug|x64
		Debug|x86 = Debug|x86
		Release|Any CPU = Release|Any CPU
		Release|x64 = Release|x64
		Release|x86 = Release|x86
	EndGlobalSection
	GlobalSection(ProjectConfigurationPlatforms) = postSolution
		{46CA360C-3A64-4F1E-AC01-224EE03AD134}.Debug|Any CPU.ActiveCfg = Debug|Any CPU
		{46CA360C-3A64-4F1E-AC01-224EE03AD134}.Debug|x64.ActiveCfg = Debug|Any CPU
		{46CA360C-3A64-4F1E-AC01-224EE03AD134}.Debug|x86.ActiveCfg = Debug|Any CPU
		{46CA360C-3A64-4F1E-AC01-224EE03AD134}.Release|Any CPU.ActiveCfg = Release|Any CPU
		{46CA360C-3A64-4F1E-AC01-224EE03AD134}.Release|x64.ActiveCfg = Release|Any CPU
		{46CA360C-3A64-4F1E-AC01-224EE03AD134}.Release|x86.ActiveCfg = Release|Any CPU
		{E0CC6B34-BB8A-4184-B991-91AB98BBE3D4}.Debug|Any CPU.ActiveCfg = Debug|Any CPU
		{E0CC6B34-BB8A-4184-B991-91AB98BBE3D4}.Debug|Any CPU.Build.0 = Debug|Any CPU
		{E0CC6B34-BB8A-4184-B991-91AB98BBE3D4}.Debug|x64.ActiveCfg = Debug|Any CPU
		{E0CC6B34-BB8A-4184-B991-91AB98BBE3D4}.Debug|x64.Build.0 = Debug|Any CPU
		{E0CC6B34-BB8A-4184-B991-91AB98BBE3D4}.Debug|x86.ActiveCfg = Debug|Any CPU
		{E0CC6B34-BB8A-4184-B991-91AB98BBE3D4}.Debug|x86.Build.0 = Debug|Any CPU
		{E0CC6B34-BB8A-4184-B991-91AB98BBE3D4}.Release|Any CPU.ActiveCfg = Release|Any CPU
		{E0CC6B34-BB8A-4184-B991-91AB98BBE3D4}.Release|Any CPU.Build.0 = Release|Any CPU
		{E0CC6B34-BB8A-4184-B991-91AB98BBE3D4}.Release|x64.ActiveCfg = Release|Any CPU
		{E0CC6B34-BB8A-4184-B991-91AB98BBE3D4}.Release|x64.Build.0 = Release|Any CPU
		{E0CC6B34-BB8A-4184-B991-91AB98BBE3D4}.Release|x86.ActiveCfg = Release|Any CPU
		{E0CC6B34-BB8A-4184-B991-91AB98BBE3D4}.Release|x86.Build.0 = Release|Any CPU
		{23209CE8-CB9B-48D6-B324-F3B22648DE0B}.Debug|Any CPU.ActiveCfg = Debug|Any CPU
		{23209CE8-CB9B-48D6-B324-F3B22648DE0B}.Debug|x64.ActiveCfg = Debug|Any CPU
		{23209CE8-CB9B-48D6-B324-F3B22648DE0B}.Debug|x86.ActiveCfg = Debug|Any CPU
		{23209CE8-CB9B-48D6-B324-F3B22648DE0B}.Release|Any CPU.ActiveCfg = Release|Any CPU
		{23209CE8-CB9B-48D6-B324-F3B22648DE0B}.Release|x64.ActiveCfg = Release|Any CPU
		{23209CE8-CB9B-48D6-B324-F3B22648DE0B}.Release|x86.ActiveCfg = Release|Any CPU
		{21F8C6D7-E19D-47FD-A985-DDDDE0F099D3}.Debug|Any CPU.ActiveCfg = Debug|Any CPU
		{21F8C6D7-E19D-47FD-A985-DDDDE0F099D3}.Debug|Any CPU.Build.0 = Debug|Any CPU
		{21F8C6D7-E19D-47FD-A985-DDDDE0F099D3}.Debug|x64.ActiveCfg = Debug|Any CPU
		{21F8C6D7-E19D-47FD-A985-DDDDE0F099D3}.Debug|x64.Build.0 = Debug|Any CPU
		{21F8C6D7-E19D-47FD-A985-DDDDE0F099D3}.Debug|x86.ActiveCfg = Debug|Any CPU
		{21F8C6D7-E19D-47FD-A985-DDDDE0F099D3}.Debug|x86.Build.0 = Debug|Any CPU
		{21F8C6D7-E19D-47FD-A985-DDDDE0F099D3}.Release|Any CPU.ActiveCfg = Release|Any CPU
		{21F8C6D7-E19D-47FD-A985-DDDDE0F099D3}.Release|Any CPU.Build.0 = Release|Any CPU
		{21F8C6D7-E19D-47FD-A985-DDDDE0F099D3}.Release|x64.ActiveCfg = Release|Any CPU
		{21F8C6D7-E19D-47FD-A985-DDDDE0F099D3}.Release|x64.Build.0 = Release|Any CPU
		{21F8C6D7-E19D-47FD-A985-DDDDE0F099D3}.Release|x86.ActiveCfg = Release|Any CPU
		{21F8C6D7-E19D-47FD-A985-DDDDE0F099D3}.Release|x86.Build.0 = Release|Any CPU
		{FE136B7A-BF60-44CC-B817-00896FDCC913}.Debug|Any CPU.ActiveCfg = Debug|Any CPU
		{FE136B7A-BF60-44CC-B817-00896FDCC913}.Debug|Any CPU.Build.0 = Debug|Any CPU
		{FE136B7A-BF60-44CC-B817-00896FDCC913}.Debug|x64.ActiveCfg = Debug|Any CPU
		{FE136B7A-BF60-44CC-B817-00896FDCC913}.Debug|x64.Build.0 = Debug|Any CPU
		{FE136B7A-BF60-44CC-B817-00896FDCC913}.Debug|x86.ActiveCfg = Debug|Any CPU
		{FE136B7A-BF60-44CC-B817-00896FDCC913}.Debug|x86.Build.0 = Debug|Any CPU
		{FE136B7A-BF60-44CC-B817-00896FDCC913}.Release|Any CPU.ActiveCfg = Release|Any CPU
		{FE136B7A-BF60-44CC-B817-00896FDCC913}.Release|Any CPU.Build.0 = Release|Any CPU
		{FE136B7A-BF60-44CC-B817-00896FDCC913}.Release|x64.ActiveCfg = Release|Any CPU
		{FE136B7A-BF60-44CC-B817-00896FDCC913}.Release|x64.Build.0 = Release|Any CPU
		{FE136B7A-BF60-44CC-B817-00896FDCC913}.Release|x86.ActiveCfg = Release|Any CPU
		{FE136B7A-BF60-44CC-B817-00896FDCC913}.Release|x86.Build.0 = Release|Any CPU
		{2941747C-B861-45F6-972C-C7613BF44CB1}.Debug|Any CPU.ActiveCfg = Debug|Any CPU
		{2941747C-B861-45F6-972C-C7613BF44CB1}.Debug|Any CPU.Build.0 = Debug|Any CPU
		{2941747C-B861-45F6-972C-C7613BF44CB1}.Debug|x64.ActiveCfg = Debug|Any CPU
		{2941747C-B861-45F6-972C-C7613BF44CB1}.Debug|x64.Build.0 = Debug|Any CPU
		{2941747C-B861-45F6-972C-C7613BF44CB1}.Debug|x86.ActiveCfg = Debug|Any CPU
		{2941747C-B861-45F6-972C-C7613BF44CB1}.Debug|x86.Build.0 = Debug|Any CPU
		{2941747C-B861-45F6-972C-C7613BF44CB1}.Release|Any CPU.ActiveCfg = Release|Any CPU
		{2941747C-B861-45F6-972C-C7613BF44CB1}.Release|Any CPU.Build.0 = Release|Any CPU
		{2941747C-B861-45F6-972C-C7613BF44CB1}.Release|x64.ActiveCfg = Release|Any CPU
		{2941747C-B861-45F6-972C-C7613BF44CB1}.Release|x64.Build.0 = Release|Any CPU
		{2941747C-B861-45F6-972C-C7613BF44CB1}.Release|x86.ActiveCfg = Release|Any CPU
		{2941747C-B861-45F6-972C-C7613BF44CB1}.Release|x86.Build.0 = Release|Any CPU
		{AFFC95E6-D9F3-41FC-97F7-2A3F01AB4A75}.Debug|Any CPU.ActiveCfg = Debug|x64
		{AFFC95E6-D9F3-41FC-97F7-2A3F01AB4A75}.Debug|Any CPU.Build.0 = Debug|x64
		{AFFC95E6-D9F3-41FC-97F7-2A3F01AB4A75}.Debug|x64.ActiveCfg = Debug|x64
		{AFFC95E6-D9F3-41FC-97F7-2A3F01AB4A75}.Debug|x64.Build.0 = Debug|x64
		{AFFC95E6-D9F3-41FC-97F7-2A3F01AB4A75}.Debug|x86.ActiveCfg = Debug|Win32
		{AFFC95E6-D9F3-41FC-97F7-2A3F01AB4A75}.Debug|x86.Build.0 = Debug|Win32
		{AFFC95E6-D9F3-41FC-97F7-2A3F01AB4A75}.Release|Any CPU.ActiveCfg = Release|x64
		{AFFC95E6-D9F3-41FC-97F7-2A3F01AB4A75}.Release|Any CPU.Build.0 = Release|x64
		{AFFC95E6-D9F3-41FC-97F7-2A3F01AB4A75}.Release|x64.ActiveCfg = Release|x64
		{AFFC95E6-D9F3-41FC-97F7-2A3F01AB4A75}.Release|x64.Build.0 = Release|x64
		{AFFC95E6-D9F3-41FC-97F7-2A3F01AB4A75}.Release|x86.ActiveCfg = Release|Win32
		{AFFC95E6-D9F3-41FC-97F7-2A3F01AB4A75}.Release|x86.Build.0 = Release|Win32
	EndGlobalSection
	GlobalSection(SolutionProperties) = preSolution
		HideSolutionNode = FALSE
	EndGlobalSection
	GlobalSection(NestedProjects) = preSolution
		{46CA360C-3A64-4F1E-AC01-224EE03AD134} = {6A3D7BA9-278E-4DE5-BE42-65F3C5FA13CE}
		{E0CC6B34-BB8A-4184-B991-91AB98BBE3D4} = {8FDD8602-EF5A-4BD6-90DF-F115EB6CD4AC}
		{23209CE8-CB9B-48D6-B324-F3B22648DE0B} = {6A3D7BA9-278E-4DE5-BE42-65F3C5FA13CE}
		{21F8C6D7-E19D-47FD-A985-DDDDE0F099D3} = {8FDD8602-EF5A-4BD6-90DF-F115EB6CD4AC}
		{FE136B7A-BF60-44CC-B817-00896FDCC913} = {617B17FF-F10F-49EB-9D6B-D503B3F27661}
		{2941747C-B861-45F6-972C-C7613BF44CB1} = {617B17FF-F10F-49EB-9D6B-D503B3F27661}
		{AFFC95E6-D9F3-41FC-97F7-2A3F01AB4A75} = {A1EDA8A6-C948-4268-BC17-99DA71581650}
	EndGlobalSection
	GlobalSection(ExtensibilityGlobals) = postSolution
		SolutionGuid = {E5B86C0B-011C-4FA4-8354-5CBFCBB9D495}
	EndGlobalSection
EndGlobal
